
Microsoft Visual Studio Solution File, Format Version 12.00
# Visual Studio 15
VisualStudioVersion = 15.0.27130.2026
MinimumVisualStudioVersion = 10.0.40219.1
Project("{9A19103F-16F7-4668-BE54-9A1E7A4F7556}") = "PlaylistManager", "PlaylistManager\PlaylistManager.csproj", "{3F205863-5A08-4BAD-A7A3-4C883334B3D3}"
EndProject
Project("{9A19103F-16F7-4668-BE54-9A1E7A4F7556}") = "LibraryImporter", "LibraryImporter\LibraryImporter.csproj", "{11B352B5-3C9C-41A5-9E13-AFDAA25C3A0C}"
EndProject
Project("{2150E333-8FDC-42A3-9474-1A3956D46DE8}") = "Utils", "Utils", "{DBDCE149-BCD0-4F3C-A44D-44207835E73F}"
EndProject
Project("{2150E333-8FDC-42A3-9474-1A3956D46DE8}") = "SQL Scripts", "SQL Scripts", "{57A24D45-0C59-42CB-BFBD-0D62D81942E4}"
	ProjectSection(SolutionItems) = preProject
		CreateFullTextIndex.sql = CreateFullTextIndex.sql
	EndProjectSection
EndProject
Project("{FAE04EC0-301F-11D3-BF4B-00C04F79EFBC}") = "XUnitPlaylistManagerTests", "XUnitPlaylistManagerTests\XUnitPlaylistManagerTests.csproj", "{FC19427E-3AFC-4F8D-9791-C3BF8E6FB155}"
EndProject
Global
	GlobalSection(SolutionConfigurationPlatforms) = preSolution
		Debug|Any CPU = Debug|Any CPU
		Release|Any CPU = Release|Any CPU
	EndGlobalSection
	GlobalSection(ProjectConfigurationPlatforms) = postSolution
		{3F205863-5A08-4BAD-A7A3-4C883334B3D3}.Debug|Any CPU.ActiveCfg = Debug|Any CPU
		{3F205863-5A08-4BAD-A7A3-4C883334B3D3}.Debug|Any CPU.Build.0 = Debug|Any CPU
		{3F205863-5A08-4BAD-A7A3-4C883334B3D3}.Release|Any CPU.ActiveCfg = Release|Any CPU
		{3F205863-5A08-4BAD-A7A3-4C883334B3D3}.Release|Any CPU.Build.0 = Release|Any CPU
		{11B352B5-3C9C-41A5-9E13-AFDAA25C3A0C}.Debug|Any CPU.ActiveCfg = Debug|Any CPU
		{11B352B5-3C9C-41A5-9E13-AFDAA25C3A0C}.Debug|Any CPU.Build.0 = Debug|Any CPU
		{11B352B5-3C9C-41A5-9E13-AFDAA25C3A0C}.Release|Any CPU.ActiveCfg = Release|Any CPU
		{11B352B5-3C9C-41A5-9E13-AFDAA25C3A0C}.Release|Any CPU.Build.0 = Release|Any CPU
		{FC19427E-3AFC-4F8D-9791-C3BF8E6FB155}.Debug|Any CPU.ActiveCfg = Debug|Any CPU
		{FC19427E-3AFC-4F8D-9791-C3BF8E6FB155}.Debug|Any CPU.Build.0 = Debug|Any CPU
		{FC19427E-3AFC-4F8D-9791-C3BF8E6FB155}.Release|Any CPU.ActiveCfg = Release|Any CPU
		{FC19427E-3AFC-4F8D-9791-C3BF8E6FB155}.Release|Any CPU.Build.0 = Release|Any CPU
	EndGlobalSection
	GlobalSection(SolutionProperties) = preSolution
		HideSolutionNode = FALSE
	EndGlobalSection
	GlobalSection(NestedProjects) = preSolution
		{11B352B5-3C9C-41A5-9E13-AFDAA25C3A0C} = {DBDCE149-BCD0-4F3C-A44D-44207835E73F}
	EndGlobalSection
	GlobalSection(ExtensibilityGlobals) = postSolution
		SolutionGuid = {7565CB4E-EE44-4850-B5F5-E9CEAEFE3747}
	EndGlobalSection
EndGlobal
